<?xml version="1.0" encoding="utf-8"?>
<Project ToolsVersion="4.0" xmlns="http://schemas.microsoft.com/developer/msbuild/2003">
  <ItemGroup>
    <Filter Include="ソース ファイル">
      <UniqueIdentifier>{4FC737F1-C7A5-4376-A066-2A32D752A2FF}</UniqueIdentifier>
      <Extensions>cpp;c;cc;cxx;c++;cppm;ixx;def;odl;idl;hpj;bat;asm;asmx</Extensions>
    </Filter>
    <Filter Include="ヘッダー ファイル">
      <UniqueIdentifier>{93995380-89BD-4b04-88EB-625FBE52EBFB}</UniqueIdentifier>
      <Extensions>h;hh;hpp;hxx;h++;hm;inl;inc;ipp;xsd</Extensions>
    </Filter>
    <Filter Include="リソース ファイル">
      <UniqueIdentifier>{67DA6AB6-F800-4c08-8B7A-83BB121AAD01}</UniqueIdentifier>
      <Extensions>rc;ico;cur;bmp;dlg;rc2;rct;bin;rgs;gif;jpg;jpeg;jpe;resx;tiff;tif;png;wav;mfcribbon-ms</Extensions>
    </Filter>
    <Filter Include="ヘッダー ファイル\Test">
      <UniqueIdentifier>{7727e850-e90c-49da-924d-a0ab28f1b660}</UniqueIdentifier>
    </Filter>
    <Filter Include="ヘッダー ファイル\external">
      <UniqueIdentifier>{848ca4a5-c478-4978-8999-70f91fd90f2f}</UniqueIdentifier>
    </Filter>
    <Filter Include="ヘッダー ファイル\external\boost">
      <UniqueIdentifier>{fa024bc6-c64a-4a33-a06b-8ebfea3ccdbd}</UniqueIdentifier>
    </Filter>
    <Filter Include="ヘッダー ファイル\Util">
      <UniqueIdentifier>{f2bf4fd2-aa35-4db0-86dc-9b81f426f0bd}</UniqueIdentifier>
    </Filter>
    <Filter Include="ヘッダー ファイル\Container">
      <UniqueIdentifier>{dfdb0f8c-e78b-4c02-870c-e504f85d4026}</UniqueIdentifier>
    </Filter>
  </ItemGroup>
  <ItemGroup>
    <ClCompile Include="main.cpp">
      <Filter>ソース ファイル</Filter>
    </ClCompile>
  </ItemGroup>
  <ItemGroup>
    <ClInclude Include="Chunk.h">
      <Filter>ヘッダー ファイル</Filter>
    </ClInclude>
    <ClInclude Include="TypeInfo.h">
      <Filter>ヘッダー ファイル</Filter>
    </ClInclude>
    <ClInclude Include="Type.h">
      <Filter>ヘッダー ファイル</Filter>
    </ClInclude>
    <ClInclude Include="ArchetypeInfo.h">
      <Filter>ヘッダー ファイル</Filter>
    </ClInclude>
    <ClInclude Include="TypeInfoTest.h">
      <Filter>ヘッダー ファイル\Test</Filter>
    </ClInclude>
    <ClInclude Include="TypeIDTest.h">
      <Filter>ヘッダー ファイル\Test</Filter>
    </ClInclude>
    <ClInclude Include="MurMur3.h">
      <Filter>ヘッダー ファイル\external</Filter>
    </ClInclude>
    <ClInclude Include="ArchetypeBrunch.h">
      <Filter>ヘッダー ファイル</Filter>
    </ClInclude>
    <ClInclude Include="World.h">
      <Filter>ヘッダー ファイル</Filter>
    </ClInclude>
    <ClInclude Include="TypeIDGenerator.h">
      <Filter>ヘッダー ファイル\external</Filter>
    </ClInclude>
    <ClInclude Include="boost\hana\accessors.hpp">
      <Filter>ヘッダー ファイル\external\boost</Filter>
    </ClInclude>
    <ClInclude Include="boost\hana\adapt_adt.hpp">
      <Filter>ヘッダー ファイル\external\boost</Filter>
    </ClInclude>
    <ClInclude Include="boost\hana\adapt_struct.hpp">
      <Filter>ヘッダー ファイル\external\boost</Filter>
    </ClInclude>
    <ClInclude Include="boost\hana\adjust.hpp">
      <Filter>ヘッダー ファイル\external\boost</Filter>
    </ClInclude>
    <ClInclude Include="boost\hana\adjust_if.hpp">
      <Filter>ヘッダー ファイル\external\boost</Filter>
    </ClInclude>
    <ClInclude Include="boost\hana\all.hpp">
      <Filter>ヘッダー ファイル\external\boost</Filter>
    </ClInclude>
    <ClInclude Include="boost\hana\all_of.hpp">
      <Filter>ヘッダー ファイル\external\boost</Filter>
    </ClInclude>
    <ClInclude Include="boost\hana\and.hpp">
      <Filter>ヘッダー ファイル\external\boost</Filter>
    </ClInclude>
    <ClInclude Include="boost\hana\any.hpp">
      <Filter>ヘッダー ファイル\external\boost</Filter>
    </ClInclude>
    <ClInclude Include="boost\hana\any_of.hpp">
      <Filter>ヘッダー ファイル\external\boost</Filter>
    </ClInclude>
    <ClInclude Include="boost\hana\ap.hpp">
      <Filter>ヘッダー ファイル\external\boost</Filter>
    </ClInclude>
    <ClInclude Include="boost\hana\append.hpp">
      <Filter>ヘッダー ファイル\external\boost</Filter>
    </ClInclude>
    <ClInclude Include="boost\hana\assert.hpp">
      <Filter>ヘッダー ファイル\external\boost</Filter>
    </ClInclude>
    <ClInclude Include="boost\hana\at.hpp">
      <Filter>ヘッダー ファイル\external\boost</Filter>
    </ClInclude>
    <ClInclude Include="boost\hana\at_key.hpp">
      <Filter>ヘッダー ファイル\external\boost</Filter>
    </ClInclude>
    <ClInclude Include="boost\hana\back.hpp">
      <Filter>ヘッダー ファイル\external\boost</Filter>
    </ClInclude>
    <ClInclude Include="boost\hana\basic_tuple.hpp">
      <Filter>ヘッダー ファイル\external\boost</Filter>
    </ClInclude>
    <ClInclude Include="boost\hana\bool.hpp">
      <Filter>ヘッダー ファイル\external\boost</Filter>
    </ClInclude>
    <ClInclude Include="boost\hana\cartesian_product.hpp">
      <Filter>ヘッダー ファイル\external\boost</Filter>
    </ClInclude>
    <ClInclude Include="boost\hana\chain.hpp">
      <Filter>ヘッダー ファイル\external\boost</Filter>
    </ClInclude>
    <ClInclude Include="boost\hana\comparing.hpp">
      <Filter>ヘッダー ファイル\external\boost</Filter>
    </ClInclude>
    <ClInclude Include="boost\hana\concat.hpp">
      <Filter>ヘッダー ファイル\external\boost</Filter>
    </ClInclude>
    <ClInclude Include="boost\hana\concept.hpp">
      <Filter>ヘッダー ファイル\external\boost</Filter>
    </ClInclude>
    <ClInclude Include="boost\hana\config.hpp">
      <Filter>ヘッダー ファイル\external\boost</Filter>
    </ClInclude>
    <ClInclude Include="boost\hana\contains.hpp">
      <Filter>ヘッダー ファイル\external\boost</Filter>
    </ClInclude>
    <ClInclude Include="boost\hana\core.hpp">
      <Filter>ヘッダー ファイル\external\boost</Filter>
    </ClInclude>
    <ClInclude Include="boost\hana\count.hpp">
      <Filter>ヘッダー ファイル\external\boost</Filter>
    </ClInclude>
    <ClInclude Include="boost\hana\count_if.hpp">
      <Filter>ヘッダー ファイル\external\boost</Filter>
    </ClInclude>
    <ClInclude Include="boost\hana\cycle.hpp">
      <Filter>ヘッダー ファイル\external\boost</Filter>
    </ClInclude>
    <ClInclude Include="boost\hana\define_struct.hpp">
      <Filter>ヘッダー ファイル\external\boost</Filter>
    </ClInclude>
    <ClInclude Include="boost\hana\difference.hpp">
      <Filter>ヘッダー ファイル\external\boost</Filter>
    </ClInclude>
    <ClInclude Include="boost\hana\div.hpp">
      <Filter>ヘッダー ファイル\external\boost</Filter>
    </ClInclude>
    <ClInclude Include="boost\hana\drop_back.hpp">
      <Filter>ヘッダー ファイル\external\boost</Filter>
    </ClInclude>
    <ClInclude Include="boost\hana\drop_front.hpp">
      <Filter>ヘッダー ファイル\external\boost</Filter>
    </ClInclude>
    <ClInclude Include="boost\hana\drop_front_exactly.hpp">
      <Filter>ヘッダー ファイル\external\boost</Filter>
    </ClInclude>
    <ClInclude Include="boost\hana\drop_while.hpp">
      <Filter>ヘッダー ファイル\external\boost</Filter>
    </ClInclude>
    <ClInclude Include="boost\hana\duplicate.hpp">
      <Filter>ヘッダー ファイル\external\boost</Filter>
    </ClInclude>
    <ClInclude Include="boost\hana\empty.hpp">
      <Filter>ヘッダー ファイル\external\boost</Filter>
    </ClInclude>
    <ClInclude Include="boost\hana\equal.hpp">
      <Filter>ヘッダー ファイル\external\boost</Filter>
    </ClInclude>
    <ClInclude Include="boost\hana\erase_key.hpp">
      <Filter>ヘッダー ファイル\external\boost</Filter>
    </ClInclude>
    <ClInclude Include="boost\hana\eval.hpp">
      <Filter>ヘッダー ファイル\external\boost</Filter>
    </ClInclude>
    <ClInclude Include="boost\hana\eval_if.hpp">
      <Filter>ヘッダー ファイル\external\boost</Filter>
    </ClInclude>
    <ClInclude Include="boost\hana\extend.hpp">
      <Filter>ヘッダー ファイル\external\boost</Filter>
    </ClInclude>
    <ClInclude Include="boost\hana\extract.hpp">
      <Filter>ヘッダー ファイル\external\boost</Filter>
    </ClInclude>
    <ClInclude Include="boost\hana\fill.hpp">
      <Filter>ヘッダー ファイル\external\boost</Filter>
    </ClInclude>
    <ClInclude Include="boost\hana\filter.hpp">
      <Filter>ヘッダー ファイル\external\boost</Filter>
    </ClInclude>
    <ClInclude Include="boost\hana\find.hpp">
      <Filter>ヘッダー ファイル\external\boost</Filter>
    </ClInclude>
    <ClInclude Include="boost\hana\find_if.hpp">
      <Filter>ヘッダー ファイル\external\boost</Filter>
    </ClInclude>
    <ClInclude Include="boost\hana\first.hpp">
      <Filter>ヘッダー ファイル\external\boost</Filter>
    </ClInclude>
    <ClInclude Include="boost\hana\flatten.hpp">
      <Filter>ヘッダー ファイル\external\boost</Filter>
    </ClInclude>
    <ClInclude Include="boost\hana\fold.hpp">
      <Filter>ヘッダー ファイル\external\boost</Filter>
    </ClInclude>
    <ClInclude Include="boost\hana\fold_left.hpp">
      <Filter>ヘッダー ファイル\external\boost</Filter>
    </ClInclude>
    <ClInclude Include="boost\hana\fold_right.hpp">
      <Filter>ヘッダー ファイル\external\boost</Filter>
    </ClInclude>
    <ClInclude Include="boost\hana\for_each.hpp">
      <Filter>ヘッダー ファイル\external\boost</Filter>
    </ClInclude>
    <ClInclude Include="boost\hana\front.hpp">
      <Filter>ヘッダー ファイル\external\boost</Filter>
    </ClInclude>
    <ClInclude Include="boost\hana\functional.hpp">
      <Filter>ヘッダー ファイル\external\boost</Filter>
    </ClInclude>
    <ClInclude Include="boost\hana\fuse.hpp">
      <Filter>ヘッダー ファイル\external\boost</Filter>
    </ClInclude>
    <ClInclude Include="boost\hana\greater.hpp">
      <Filter>ヘッダー ファイル\external\boost</Filter>
    </ClInclude>
    <ClInclude Include="boost\hana\greater_equal.hpp">
      <Filter>ヘッダー ファイル\external\boost</Filter>
    </ClInclude>
    <ClInclude Include="boost\hana\group.hpp">
      <Filter>ヘッダー ファイル\external\boost</Filter>
    </ClInclude>
    <ClInclude Include="boost\hana\hash.hpp">
      <Filter>ヘッダー ファイル\external\boost</Filter>
    </ClInclude>
    <ClInclude Include="boost\hana\if.hpp">
      <Filter>ヘッダー ファイル\external\boost</Filter>
    </ClInclude>
    <ClInclude Include="boost\hana\index_if.hpp">
      <Filter>ヘッダー ファイル\external\boost</Filter>
    </ClInclude>
    <ClInclude Include="boost\hana\insert.hpp">
      <Filter>ヘッダー ファイル\external\boost</Filter>
    </ClInclude>
    <ClInclude Include="boost\hana\insert_range.hpp">
      <Filter>ヘッダー ファイル\external\boost</Filter>
    </ClInclude>
    <ClInclude Include="boost\hana\integral_constant.hpp">
      <Filter>ヘッダー ファイル\external\boost</Filter>
    </ClInclude>
    <ClInclude Include="boost\hana\intersection.hpp">
      <Filter>ヘッダー ファイル\external\boost</Filter>
    </ClInclude>
    <ClInclude Include="boost\hana\intersperse.hpp">
      <Filter>ヘッダー ファイル\external\boost</Filter>
    </ClInclude>
    <ClInclude Include="boost\hana\is_disjoint.hpp">
      <Filter>ヘッダー ファイル\external\boost</Filter>
    </ClInclude>
    <ClInclude Include="boost\hana\is_empty.hpp">
      <Filter>ヘッダー ファイル\external\boost</Filter>
    </ClInclude>
    <ClInclude Include="boost\hana\is_subset.hpp">
      <Filter>ヘッダー ファイル\external\boost</Filter>
    </ClInclude>
    <ClInclude Include="boost\hana\keys.hpp">
      <Filter>ヘッダー ファイル\external\boost</Filter>
    </ClInclude>
    <ClInclude Include="boost\hana\lazy.hpp">
      <Filter>ヘッダー ファイル\external\boost</Filter>
    </ClInclude>
    <ClInclude Include="boost\hana\length.hpp">
      <Filter>ヘッダー ファイル\external\boost</Filter>
    </ClInclude>
    <ClInclude Include="boost\hana\less.hpp">
      <Filter>ヘッダー ファイル\external\boost</Filter>
    </ClInclude>
    <ClInclude Include="boost\hana\less_equal.hpp">
      <Filter>ヘッダー ファイル\external\boost</Filter>
    </ClInclude>
    <ClInclude Include="boost\hana\lexicographical_compare.hpp">
      <Filter>ヘッダー ファイル\external\boost</Filter>
    </ClInclude>
    <ClInclude Include="boost\hana\lift.hpp">
      <Filter>ヘッダー ファイル\external\boost</Filter>
    </ClInclude>
    <ClInclude Include="boost\hana\map.hpp">
      <Filter>ヘッダー ファイル\external\boost</Filter>
    </ClInclude>
    <ClInclude Include="boost\hana\max.hpp">
      <Filter>ヘッダー ファイル\external\boost</Filter>
    </ClInclude>
    <ClInclude Include="boost\hana\maximum.hpp">
      <Filter>ヘッダー ファイル\external\boost</Filter>
    </ClInclude>
    <ClInclude Include="boost\hana\members.hpp">
      <Filter>ヘッダー ファイル\external\boost</Filter>
    </ClInclude>
    <ClInclude Include="boost\hana\min.hpp">
      <Filter>ヘッダー ファイル\external\boost</Filter>
    </ClInclude>
    <ClInclude Include="boost\hana\minimum.hpp">
      <Filter>ヘッダー ファイル\external\boost</Filter>
    </ClInclude>
    <ClInclude Include="boost\hana\minus.hpp">
      <Filter>ヘッダー ファイル\external\boost</Filter>
    </ClInclude>
    <ClInclude Include="boost\hana\mod.hpp">
      <Filter>ヘッダー ファイル\external\boost</Filter>
    </ClInclude>
    <ClInclude Include="boost\hana\monadic_compose.hpp">
      <Filter>ヘッダー ファイル\external\boost</Filter>
    </ClInclude>
    <ClInclude Include="boost\hana\monadic_fold_left.hpp">
      <Filter>ヘッダー ファイル\external\boost</Filter>
    </ClInclude>
    <ClInclude Include="boost\hana\monadic_fold_right.hpp">
      <Filter>ヘッダー ファイル\external\boost</Filter>
    </ClInclude>
    <ClInclude Include="boost\hana\mult.hpp">
      <Filter>ヘッダー ファイル\external\boost</Filter>
    </ClInclude>
    <ClInclude Include="boost\hana\negate.hpp">
      <Filter>ヘッダー ファイル\external\boost</Filter>
    </ClInclude>
    <ClInclude Include="boost\hana\none.hpp">
      <Filter>ヘッダー ファイル\external\boost</Filter>
    </ClInclude>
    <ClInclude Include="boost\hana\none_of.hpp">
      <Filter>ヘッダー ファイル\external\boost</Filter>
    </ClInclude>
    <ClInclude Include="boost\hana\not.hpp">
      <Filter>ヘッダー ファイル\external\boost</Filter>
    </ClInclude>
    <ClInclude Include="boost\hana\not_equal.hpp">
      <Filter>ヘッダー ファイル\external\boost</Filter>
    </ClInclude>
    <ClInclude Include="boost\hana\one.hpp">
      <Filter>ヘッダー ファイル\external\boost</Filter>
    </ClInclude>
    <ClInclude Include="boost\hana\optional.hpp">
      <Filter>ヘッダー ファイル\external\boost</Filter>
    </ClInclude>
    <ClInclude Include="boost\hana\or.hpp">
      <Filter>ヘッダー ファイル\external\boost</Filter>
    </ClInclude>
    <ClInclude Include="boost\hana\ordering.hpp">
      <Filter>ヘッダー ファイル\external\boost</Filter>
    </ClInclude>
    <ClInclude Include="boost\hana\pair.hpp">
      <Filter>ヘッダー ファイル\external\boost</Filter>
    </ClInclude>
    <ClInclude Include="boost\hana\partition.hpp">
      <Filter>ヘッダー ファイル\external\boost</Filter>
    </ClInclude>
    <ClInclude Include="boost\hana\permutations.hpp">
      <Filter>ヘッダー ファイル\external\boost</Filter>
    </ClInclude>
    <ClInclude Include="boost\hana\plus.hpp">
      <Filter>ヘッダー ファイル\external\boost</Filter>
    </ClInclude>
    <ClInclude Include="boost\hana\power.hpp">
      <Filter>ヘッダー ファイル\external\boost</Filter>
    </ClInclude>
    <ClInclude Include="boost\hana\prefix.hpp">
      <Filter>ヘッダー ファイル\external\boost</Filter>
    </ClInclude>
    <ClInclude Include="boost\hana\prepend.hpp">
      <Filter>ヘッダー ファイル\external\boost</Filter>
    </ClInclude>
    <ClInclude Include="boost\hana\product.hpp">
      <Filter>ヘッダー ファイル\external\boost</Filter>
    </ClInclude>
    <ClInclude Include="boost\hana\range.hpp">
      <Filter>ヘッダー ファイル\external\boost</Filter>
    </ClInclude>
    <ClInclude Include="boost\hana\remove.hpp">
      <Filter>ヘッダー ファイル\external\boost</Filter>
    </ClInclude>
    <ClInclude Include="boost\hana\remove_at.hpp">
      <Filter>ヘッダー ファイル\external\boost</Filter>
    </ClInclude>
    <ClInclude Include="boost\hana\remove_if.hpp">
      <Filter>ヘッダー ファイル\external\boost</Filter>
    </ClInclude>
    <ClInclude Include="boost\hana\remove_range.hpp">
      <Filter>ヘッダー ファイル\external\boost</Filter>
    </ClInclude>
    <ClInclude Include="boost\hana\repeat.hpp">
      <Filter>ヘッダー ファイル\external\boost</Filter>
    </ClInclude>
    <ClInclude Include="boost\hana\replace.hpp">
      <Filter>ヘッダー ファイル\external\boost</Filter>
    </ClInclude>
    <ClInclude Include="boost\hana\replace_if.hpp">
      <Filter>ヘッダー ファイル\external\boost</Filter>
    </ClInclude>
    <ClInclude Include="boost\hana\replicate.hpp">
      <Filter>ヘッダー ファイル\external\boost</Filter>
    </ClInclude>
    <ClInclude Include="boost\hana\reverse.hpp">
      <Filter>ヘッダー ファイル\external\boost</Filter>
    </ClInclude>
    <ClInclude Include="boost\hana\reverse_fold.hpp">
      <Filter>ヘッダー ファイル\external\boost</Filter>
    </ClInclude>
    <ClInclude Include="boost\hana\scan_left.hpp">
      <Filter>ヘッダー ファイル\external\boost</Filter>
    </ClInclude>
    <ClInclude Include="boost\hana\scan_right.hpp">
      <Filter>ヘッダー ファイル\external\boost</Filter>
    </ClInclude>
    <ClInclude Include="boost\hana\second.hpp">
      <Filter>ヘッダー ファイル\external\boost</Filter>
    </ClInclude>
    <ClInclude Include="boost\hana\set.hpp">
      <Filter>ヘッダー ファイル\external\boost</Filter>
    </ClInclude>
    <ClInclude Include="boost\hana\size.hpp">
      <Filter>ヘッダー ファイル\external\boost</Filter>
    </ClInclude>
    <ClInclude Include="boost\hana\slice.hpp">
      <Filter>ヘッダー ファイル\external\boost</Filter>
    </ClInclude>
    <ClInclude Include="boost\hana\sort.hpp">
      <Filter>ヘッダー ファイル\external\boost</Filter>
    </ClInclude>
    <ClInclude Include="boost\hana\span.hpp">
      <Filter>ヘッダー ファイル\external\boost</Filter>
    </ClInclude>
    <ClInclude Include="boost\hana\string.hpp">
      <Filter>ヘッダー ファイル\external\boost</Filter>
    </ClInclude>
    <ClInclude Include="boost\hana\suffix.hpp">
      <Filter>ヘッダー ファイル\external\boost</Filter>
    </ClInclude>
    <ClInclude Include="boost\hana\sum.hpp">
      <Filter>ヘッダー ファイル\external\boost</Filter>
    </ClInclude>
    <ClInclude Include="boost\hana\symmetric_difference.hpp">
      <Filter>ヘッダー ファイル\external\boost</Filter>
    </ClInclude>
    <ClInclude Include="boost\hana\take_back.hpp">
      <Filter>ヘッダー ファイル\external\boost</Filter>
    </ClInclude>
    <ClInclude Include="boost\hana\take_front.hpp">
      <Filter>ヘッダー ファイル\external\boost</Filter>
    </ClInclude>
    <ClInclude Include="boost\hana\take_while.hpp">
      <Filter>ヘッダー ファイル\external\boost</Filter>
    </ClInclude>
    <ClInclude Include="boost\hana\tap.hpp">
      <Filter>ヘッダー ファイル\external\boost</Filter>
    </ClInclude>
    <ClInclude Include="boost\hana\then.hpp">
      <Filter>ヘッダー ファイル\external\boost</Filter>
    </ClInclude>
    <ClInclude Include="boost\hana\traits.hpp">
      <Filter>ヘッダー ファイル\external\boost</Filter>
    </ClInclude>
    <ClInclude Include="boost\hana\transform.hpp">
      <Filter>ヘッダー ファイル\external\boost</Filter>
    </ClInclude>
    <ClInclude Include="boost\hana\tuple.hpp">
      <Filter>ヘッダー ファイル\external\boost</Filter>
    </ClInclude>
    <ClInclude Include="boost\hana\type.hpp">
      <Filter>ヘッダー ファイル\external\boost</Filter>
    </ClInclude>
    <ClInclude Include="boost\hana\unfold_left.hpp">
      <Filter>ヘッダー ファイル\external\boost</Filter>
    </ClInclude>
    <ClInclude Include="boost\hana\unfold_right.hpp">
      <Filter>ヘッダー ファイル\external\boost</Filter>
    </ClInclude>
    <ClInclude Include="boost\hana\union.hpp">
      <Filter>ヘッダー ファイル\external\boost</Filter>
    </ClInclude>
    <ClInclude Include="boost\hana\unique.hpp">
      <Filter>ヘッダー ファイル\external\boost</Filter>
    </ClInclude>
    <ClInclude Include="boost\hana\unpack.hpp">
      <Filter>ヘッダー ファイル\external\boost</Filter>
    </ClInclude>
    <ClInclude Include="boost\hana\value.hpp">
      <Filter>ヘッダー ファイル\external\boost</Filter>
    </ClInclude>
    <ClInclude Include="boost\hana\version.hpp">
      <Filter>ヘッダー ファイル\external\boost</Filter>
    </ClInclude>
    <ClInclude Include="boost\hana\while.hpp">
      <Filter>ヘッダー ファイル\external\boost</Filter>
    </ClInclude>
    <ClInclude Include="boost\hana\zero.hpp">
      <Filter>ヘッダー ファイル\external\boost</Filter>
    </ClInclude>
    <ClInclude Include="boost\hana\zip.hpp">
      <Filter>ヘッダー ファイル\external\boost</Filter>
    </ClInclude>
    <ClInclude Include="boost\hana\zip_shortest.hpp">
      <Filter>ヘッダー ファイル\external\boost</Filter>
    </ClInclude>
    <ClInclude Include="boost\hana\zip_shortest_with.hpp">
      <Filter>ヘッダー ファイル\external\boost</Filter>
    </ClInclude>
    <ClInclude Include="boost\hana\zip_with.hpp">
      <Filter>ヘッダー ファイル\external\boost</Filter>
    </ClInclude>
    <ClInclude Include="boost\hana\concept\applicative.hpp">
      <Filter>ヘッダー ファイル\external\boost</Filter>
    </ClInclude>
    <ClInclude Include="boost\hana\concept\comonad.hpp">
      <Filter>ヘッダー ファイル\external\boost</Filter>
    </ClInclude>
    <ClInclude Include="boost\hana\concept\comparable.hpp">
      <Filter>ヘッダー ファイル\external\boost</Filter>
    </ClInclude>
    <ClInclude Include="boost\hana\concept\constant.hpp">
      <Filter>ヘッダー ファイル\external\boost</Filter>
    </ClInclude>
    <ClInclude Include="boost\hana\concept\euclidean_ring.hpp">
      <Filter>ヘッダー ファイル\external\boost</Filter>
    </ClInclude>
    <ClInclude Include="boost\hana\concept\foldable.hpp">
      <Filter>ヘッダー ファイル\external\boost</Filter>
    </ClInclude>
    <ClInclude Include="boost\hana\concept\functor.hpp">
      <Filter>ヘッダー ファイル\external\boost</Filter>
    </ClInclude>
    <ClInclude Include="boost\hana\concept\group.hpp">
      <Filter>ヘッダー ファイル\external\boost</Filter>
    </ClInclude>
    <ClInclude Include="boost\hana\concept\hashable.hpp">
      <Filter>ヘッダー ファイル\external\boost</Filter>
    </ClInclude>
    <ClInclude Include="boost\hana\concept\integral_constant.hpp">
      <Filter>ヘッダー ファイル\external\boost</Filter>
    </ClInclude>
    <ClInclude Include="boost\hana\concept\iterable.hpp">
      <Filter>ヘッダー ファイル\external\boost</Filter>
    </ClInclude>
    <ClInclude Include="boost\hana\concept\logical.hpp">
      <Filter>ヘッダー ファイル\external\boost</Filter>
    </ClInclude>
    <ClInclude Include="boost\hana\concept\metafunction.hpp">
      <Filter>ヘッダー ファイル\external\boost</Filter>
    </ClInclude>
    <ClInclude Include="boost\hana\concept\monad.hpp">
      <Filter>ヘッダー ファイル\external\boost</Filter>
    </ClInclude>
    <ClInclude Include="boost\hana\concept\monad_plus.hpp">
      <Filter>ヘッダー ファイル\external\boost</Filter>
    </ClInclude>
    <ClInclude Include="boost\hana\concept\monoid.hpp">
      <Filter>ヘッダー ファイル\external\boost</Filter>
    </ClInclude>
    <ClInclude Include="boost\hana\concept\orderable.hpp">
      <Filter>ヘッダー ファイル\external\boost</Filter>
    </ClInclude>
    <ClInclude Include="boost\hana\concept\product.hpp">
      <Filter>ヘッダー ファイル\external\boost</Filter>
    </ClInclude>
    <ClInclude Include="boost\hana\concept\ring.hpp">
      <Filter>ヘッダー ファイル\external\boost</Filter>
    </ClInclude>
    <ClInclude Include="boost\hana\concept\searchable.hpp">
      <Filter>ヘッダー ファイル\external\boost</Filter>
    </ClInclude>
    <ClInclude Include="boost\hana\concept\sequence.hpp">
      <Filter>ヘッダー ファイル\external\boost</Filter>
    </ClInclude>
    <ClInclude Include="boost\hana\concept\struct.hpp">
      <Filter>ヘッダー ファイル\external\boost</Filter>
    </ClInclude>
    <ClInclude Include="boost\hana\core\common.hpp">
      <Filter>ヘッダー ファイル\external\boost</Filter>
    </ClInclude>
    <ClInclude Include="boost\hana\core\default.hpp">
      <Filter>ヘッダー ファイル\external\boost</Filter>
    </ClInclude>
    <ClInclude Include="boost\hana\core\dispatch.hpp">
      <Filter>ヘッダー ファイル\external\boost</Filter>
    </ClInclude>
    <ClInclude Include="boost\hana\core\is_a.hpp">
      <Filter>ヘッダー ファイル\external\boost</Filter>
    </ClInclude>
    <ClInclude Include="boost\hana\core\make.hpp">
      <Filter>ヘッダー ファイル\external\boost</Filter>
    </ClInclude>
    <ClInclude Include="boost\hana\core\tag_of.hpp">
      <Filter>ヘッダー ファイル\external\boost</Filter>
    </ClInclude>
    <ClInclude Include="boost\hana\core\to.hpp">
      <Filter>ヘッダー ファイル\external\boost</Filter>
    </ClInclude>
    <ClInclude Include="boost\hana\core\when.hpp">
      <Filter>ヘッダー ファイル\external\boost</Filter>
    </ClInclude>
    <ClInclude Include="boost\hana\detail\algorithm.hpp">
      <Filter>ヘッダー ファイル\external\boost</Filter>
    </ClInclude>
    <ClInclude Include="boost\hana\detail\any_of.hpp">
      <Filter>ヘッダー ファイル\external\boost</Filter>
    </ClInclude>
    <ClInclude Include="boost\hana\detail\array.hpp">
      <Filter>ヘッダー ファイル\external\boost</Filter>
    </ClInclude>
    <ClInclude Include="boost\hana\detail\canonical_constant.hpp">
      <Filter>ヘッダー ファイル\external\boost</Filter>
    </ClInclude>
    <ClInclude Include="boost\hana\detail\concepts.hpp">
      <Filter>ヘッダー ファイル\external\boost</Filter>
    </ClInclude>
    <ClInclude Include="boost\hana\detail\create.hpp">
      <Filter>ヘッダー ファイル\external\boost</Filter>
    </ClInclude>
    <ClInclude Include="boost\hana\detail\decay.hpp">
      <Filter>ヘッダー ファイル\external\boost</Filter>
    </ClInclude>
    <ClInclude Include="boost\hana\detail\dispatch_if.hpp">
      <Filter>ヘッダー ファイル\external\boost</Filter>
    </ClInclude>
    <ClInclude Include="boost\hana\detail\ebo.hpp">
      <Filter>ヘッダー ファイル\external\boost</Filter>
    </ClInclude>
    <ClInclude Include="boost\hana\detail\fast_and.hpp">
      <Filter>ヘッダー ファイル\external\boost</Filter>
    </ClInclude>
    <ClInclude Include="boost\hana\detail\first_unsatisfied_index.hpp">
      <Filter>ヘッダー ファイル\external\boost</Filter>
    </ClInclude>
    <ClInclude Include="boost\hana\detail\has_common_embedding.hpp">
      <Filter>ヘッダー ファイル\external\boost</Filter>
    </ClInclude>
    <ClInclude Include="boost\hana\detail\has_duplicates.hpp">
      <Filter>ヘッダー ファイル\external\boost</Filter>
    </ClInclude>
    <ClInclude Include="boost\hana\detail\hash_table.hpp">
      <Filter>ヘッダー ファイル\external\boost</Filter>
    </ClInclude>
    <ClInclude Include="boost\hana\detail\index_if.hpp">
      <Filter>ヘッダー ファイル\external\boost</Filter>
    </ClInclude>
    <ClInclude Include="boost\hana\detail\integral_constant.hpp">
      <Filter>ヘッダー ファイル\external\boost</Filter>
    </ClInclude>
    <ClInclude Include="boost\hana\detail\intrinsics.hpp">
      <Filter>ヘッダー ファイル\external\boost</Filter>
    </ClInclude>
    <ClInclude Include="boost\hana\detail\nested_by.hpp">
      <Filter>ヘッダー ファイル\external\boost</Filter>
    </ClInclude>
    <ClInclude Include="boost\hana\detail\nested_by_fwd.hpp">
      <Filter>ヘッダー ファイル\external\boost</Filter>
    </ClInclude>
    <ClInclude Include="boost\hana\detail\nested_than.hpp">
      <Filter>ヘッダー ファイル\external\boost</Filter>
    </ClInclude>
    <ClInclude Include="boost\hana\detail\nested_than_fwd.hpp">
      <Filter>ヘッダー ファイル\external\boost</Filter>
    </ClInclude>
    <ClInclude Include="boost\hana\detail\nested_to.hpp">
      <Filter>ヘッダー ファイル\external\boost</Filter>
    </ClInclude>
    <ClInclude Include="boost\hana\detail\nested_to_fwd.hpp">
      <Filter>ヘッダー ファイル\external\boost</Filter>
    </ClInclude>
    <ClInclude Include="boost\hana\detail\preprocessor.hpp">
      <Filter>ヘッダー ファイル\external\boost</Filter>
    </ClInclude>
    <ClInclude Include="boost\hana\detail\std_common_type.hpp">
      <Filter>ヘッダー ファイル\external\boost</Filter>
    </ClInclude>
    <ClInclude Include="boost\hana\detail\struct_macros.hpp">
      <Filter>ヘッダー ファイル\external\boost</Filter>
    </ClInclude>
    <ClInclude Include="boost\hana\detail\type_at.hpp">
      <Filter>ヘッダー ファイル\external\boost</Filter>
    </ClInclude>
    <ClInclude Include="boost\hana\detail\type_foldl1.hpp">
      <Filter>ヘッダー ファイル\external\boost</Filter>
    </ClInclude>
    <ClInclude Include="boost\hana\detail\type_foldr1.hpp">
      <Filter>ヘッダー ファイル\external\boost</Filter>
    </ClInclude>
    <ClInclude Include="boost\hana\detail\unpack_flatten.hpp">
      <Filter>ヘッダー ファイル\external\boost</Filter>
    </ClInclude>
    <ClInclude Include="boost\hana\detail\void_t.hpp">
      <Filter>ヘッダー ファイル\external\boost</Filter>
    </ClInclude>
    <ClInclude Include="boost\hana\detail\wrong.hpp">
      <Filter>ヘッダー ファイル\external\boost</Filter>
    </ClInclude>
    <ClInclude Include="boost\hana\detail\operators\adl.hpp">
      <Filter>ヘッダー ファイル\external\boost</Filter>
    </ClInclude>
    <ClInclude Include="boost\hana\detail\operators\arithmetic.hpp">
      <Filter>ヘッダー ファイル\external\boost</Filter>
    </ClInclude>
    <ClInclude Include="boost\hana\detail\operators\comparable.hpp">
      <Filter>ヘッダー ファイル\external\boost</Filter>
    </ClInclude>
    <ClInclude Include="boost\hana\detail\operators\iterable.hpp">
      <Filter>ヘッダー ファイル\external\boost</Filter>
    </ClInclude>
    <ClInclude Include="boost\hana\detail\operators\logical.hpp">
      <Filter>ヘッダー ファイル\external\boost</Filter>
    </ClInclude>
    <ClInclude Include="boost\hana\detail\operators\monad.hpp">
      <Filter>ヘッダー ファイル\external\boost</Filter>
    </ClInclude>
    <ClInclude Include="boost\hana\detail\operators\orderable.hpp">
      <Filter>ヘッダー ファイル\external\boost</Filter>
    </ClInclude>
    <ClInclude Include="boost\hana\detail\operators\searchable.hpp">
      <Filter>ヘッダー ファイル\external\boost</Filter>
    </ClInclude>
    <ClInclude Include="boost\hana\detail\variadic\at.hpp">
      <Filter>ヘッダー ファイル\external\boost</Filter>
    </ClInclude>
    <ClInclude Include="boost\hana\detail\variadic\drop_into.hpp">
      <Filter>ヘッダー ファイル\external\boost</Filter>
    </ClInclude>
    <ClInclude Include="boost\hana\detail\variadic\foldl1.hpp">
      <Filter>ヘッダー ファイル\external\boost</Filter>
    </ClInclude>
    <ClInclude Include="boost\hana\detail\variadic\foldr1.hpp">
      <Filter>ヘッダー ファイル\external\boost</Filter>
    </ClInclude>
    <ClInclude Include="boost\hana\detail\variadic\reverse_apply.hpp">
      <Filter>ヘッダー ファイル\external\boost</Filter>
    </ClInclude>
    <ClInclude Include="boost\hana\detail\variadic\split_at.hpp">
      <Filter>ヘッダー ファイル\external\boost</Filter>
    </ClInclude>
    <ClInclude Include="boost\hana\detail\variadic\take.hpp">
      <Filter>ヘッダー ファイル\external\boost</Filter>
    </ClInclude>
    <ClInclude Include="boost\hana\detail\variadic\reverse_apply\flat.hpp">
      <Filter>ヘッダー ファイル\external\boost</Filter>
    </ClInclude>
    <ClInclude Include="boost\hana\detail\variadic\reverse_apply\unrolled.hpp">
      <Filter>ヘッダー ファイル\external\boost</Filter>
    </ClInclude>
    <ClInclude Include="boost\hana\experimental\printable.hpp">
      <Filter>ヘッダー ファイル\external\boost</Filter>
    </ClInclude>
    <ClInclude Include="boost\hana\experimental\type_name.hpp">
      <Filter>ヘッダー ファイル\external\boost</Filter>
    </ClInclude>
    <ClInclude Include="boost\hana\experimental\types.hpp">
      <Filter>ヘッダー ファイル\external\boost</Filter>
    </ClInclude>
    <ClInclude Include="boost\hana\experimental\view.hpp">
      <Filter>ヘッダー ファイル\external\boost</Filter>
    </ClInclude>
    <ClInclude Include="boost\hana\ext\boost.hpp">
      <Filter>ヘッダー ファイル\external\boost</Filter>
    </ClInclude>
    <ClInclude Include="boost\hana\ext\std.hpp">
      <Filter>ヘッダー ファイル\external\boost</Filter>
    </ClInclude>
    <ClInclude Include="boost\hana\ext\std\array.hpp">
      <Filter>ヘッダー ファイル\external\boost</Filter>
    </ClInclude>
    <ClInclude Include="boost\hana\ext\std\integer_sequence.hpp">
      <Filter>ヘッダー ファイル\external\boost</Filter>
    </ClInclude>
    <ClInclude Include="boost\hana\ext\std\integral_constant.hpp">
      <Filter>ヘッダー ファイル\external\boost</Filter>
    </ClInclude>
    <ClInclude Include="boost\hana\ext\std\pair.hpp">
      <Filter>ヘッダー ファイル\external\boost</Filter>
    </ClInclude>
    <ClInclude Include="boost\hana\ext\std\ratio.hpp">
      <Filter>ヘッダー ファイル\external\boost</Filter>
    </ClInclude>
    <ClInclude Include="boost\hana\ext\std\tuple.hpp">
      <Filter>ヘッダー ファイル\external\boost</Filter>
    </ClInclude>
    <ClInclude Include="boost\hana\ext\std\vector.hpp">
      <Filter>ヘッダー ファイル\external\boost</Filter>
    </ClInclude>
    <ClInclude Include="boost\hana\ext\boost\fusion.hpp">
      <Filter>ヘッダー ファイル\external\boost</Filter>
    </ClInclude>
    <ClInclude Include="boost\hana\ext\boost\mpl.hpp">
      <Filter>ヘッダー ファイル\external\boost</Filter>
    </ClInclude>
    <ClInclude Include="boost\hana\ext\boost\tuple.hpp">
      <Filter>ヘッダー ファイル\external\boost</Filter>
    </ClInclude>
    <ClInclude Include="boost\hana\ext\boost\fusion\deque.hpp">
      <Filter>ヘッダー ファイル\external\boost</Filter>
    </ClInclude>
    <ClInclude Include="boost\hana\ext\boost\fusion\list.hpp">
      <Filter>ヘッダー ファイル\external\boost</Filter>
    </ClInclude>
    <ClInclude Include="boost\hana\ext\boost\fusion\tuple.hpp">
      <Filter>ヘッダー ファイル\external\boost</Filter>
    </ClInclude>
    <ClInclude Include="boost\hana\ext\boost\fusion\vector.hpp">
      <Filter>ヘッダー ファイル\external\boost</Filter>
    </ClInclude>
    <ClInclude Include="boost\hana\ext\boost\fusion\detail\common.hpp">
      <Filter>ヘッダー ファイル\external\boost</Filter>
    </ClInclude>
    <ClInclude Include="boost\hana\ext\boost\mpl\integral_c.hpp">
      <Filter>ヘッダー ファイル\external\boost</Filter>
    </ClInclude>
    <ClInclude Include="boost\hana\ext\boost\mpl\list.hpp">
      <Filter>ヘッダー ファイル\external\boost</Filter>
    </ClInclude>
    <ClInclude Include="boost\hana\ext\boost\mpl\vector.hpp">
      <Filter>ヘッダー ファイル\external\boost</Filter>
    </ClInclude>
    <ClInclude Include="boost\hana\functional\always.hpp">
      <Filter>ヘッダー ファイル\external\boost</Filter>
    </ClInclude>
    <ClInclude Include="boost\hana\functional\apply.hpp">
      <Filter>ヘッダー ファイル\external\boost</Filter>
    </ClInclude>
    <ClInclude Include="boost\hana\functional\arg.hpp">
      <Filter>ヘッダー ファイル\external\boost</Filter>
    </ClInclude>
    <ClInclude Include="boost\hana\functional\capture.hpp">
      <Filter>ヘッダー ファイル\external\boost</Filter>
    </ClInclude>
    <ClInclude Include="boost\hana\functional\compose.hpp">
      <Filter>ヘッダー ファイル\external\boost</Filter>
    </ClInclude>
    <ClInclude Include="boost\hana\functional\curry.hpp">
      <Filter>ヘッダー ファイル\external\boost</Filter>
    </ClInclude>
    <ClInclude Include="boost\hana\functional\demux.hpp">
      <Filter>ヘッダー ファイル\external\boost</Filter>
    </ClInclude>
    <ClInclude Include="boost\hana\functional\fix.hpp">
      <Filter>ヘッダー ファイル\external\boost</Filter>
    </ClInclude>
    <ClInclude Include="boost\hana\functional\flip.hpp">
      <Filter>ヘッダー ファイル\external\boost</Filter>
    </ClInclude>
    <ClInclude Include="boost\hana\functional\id.hpp">
      <Filter>ヘッダー ファイル\external\boost</Filter>
    </ClInclude>
    <ClInclude Include="boost\hana\functional\infix.hpp">
      <Filter>ヘッダー ファイル\external\boost</Filter>
    </ClInclude>
    <ClInclude Include="boost\hana\functional\iterate.hpp">
      <Filter>ヘッダー ファイル\external\boost</Filter>
    </ClInclude>
    <ClInclude Include="boost\hana\functional\lockstep.hpp">
      <Filter>ヘッダー ファイル\external\boost</Filter>
    </ClInclude>
    <ClInclude Include="boost\hana\functional\on.hpp">
      <Filter>ヘッダー ファイル\external\boost</Filter>
    </ClInclude>
    <ClInclude Include="boost\hana\functional\overload.hpp">
      <Filter>ヘッダー ファイル\external\boost</Filter>
    </ClInclude>
    <ClInclude Include="boost\hana\functional\overload_linearly.hpp">
      <Filter>ヘッダー ファイル\external\boost</Filter>
    </ClInclude>
    <ClInclude Include="boost\hana\functional\partial.hpp">
      <Filter>ヘッダー ファイル\external\boost</Filter>
    </ClInclude>
    <ClInclude Include="boost\hana\functional\placeholder.hpp">
      <Filter>ヘッダー ファイル\external\boost</Filter>
    </ClInclude>
    <ClInclude Include="boost\hana\functional\reverse_partial.hpp">
      <Filter>ヘッダー ファイル\external\boost</Filter>
    </ClInclude>
    <ClInclude Include="boost\hana\fwd\accessors.hpp">
      <Filter>ヘッダー ファイル\external\boost</Filter>
    </ClInclude>
    <ClInclude Include="boost\hana\fwd\adapt_adt.hpp">
      <Filter>ヘッダー ファイル\external\boost</Filter>
    </ClInclude>
    <ClInclude Include="boost\hana\fwd\adapt_struct.hpp">
      <Filter>ヘッダー ファイル\external\boost</Filter>
    </ClInclude>
    <ClInclude Include="boost\hana\fwd\adjust.hpp">
      <Filter>ヘッダー ファイル\external\boost</Filter>
    </ClInclude>
    <ClInclude Include="boost\hana\fwd\adjust_if.hpp">
      <Filter>ヘッダー ファイル\external\boost</Filter>
    </ClInclude>
    <ClInclude Include="boost\hana\fwd\all.hpp">
      <Filter>ヘッダー ファイル\external\boost</Filter>
    </ClInclude>
    <ClInclude Include="boost\hana\fwd\all_of.hpp">
      <Filter>ヘッダー ファイル\external\boost</Filter>
    </ClInclude>
    <ClInclude Include="boost\hana\fwd\and.hpp">
      <Filter>ヘッダー ファイル\external\boost</Filter>
    </ClInclude>
    <ClInclude Include="boost\hana\fwd\any.hpp">
      <Filter>ヘッダー ファイル\external\boost</Filter>
    </ClInclude>
    <ClInclude Include="boost\hana\fwd\any_of.hpp">
      <Filter>ヘッダー ファイル\external\boost</Filter>
    </ClInclude>
    <ClInclude Include="boost\hana\fwd\ap.hpp">
      <Filter>ヘッダー ファイル\external\boost</Filter>
    </ClInclude>
    <ClInclude Include="boost\hana\fwd\append.hpp">
      <Filter>ヘッダー ファイル\external\boost</Filter>
    </ClInclude>
    <ClInclude Include="boost\hana\fwd\at.hpp">
      <Filter>ヘッダー ファイル\external\boost</Filter>
    </ClInclude>
    <ClInclude Include="boost\hana\fwd\at_key.hpp">
      <Filter>ヘッダー ファイル\external\boost</Filter>
    </ClInclude>
    <ClInclude Include="boost\hana\fwd\back.hpp">
      <Filter>ヘッダー ファイル\external\boost</Filter>
    </ClInclude>
    <ClInclude Include="boost\hana\fwd\basic_tuple.hpp">
      <Filter>ヘッダー ファイル\external\boost</Filter>
    </ClInclude>
    <ClInclude Include="boost\hana\fwd\bool.hpp">
      <Filter>ヘッダー ファイル\external\boost</Filter>
    </ClInclude>
    <ClInclude Include="boost\hana\fwd\cartesian_product.hpp">
      <Filter>ヘッダー ファイル\external\boost</Filter>
    </ClInclude>
    <ClInclude Include="boost\hana\fwd\chain.hpp">
      <Filter>ヘッダー ファイル\external\boost</Filter>
    </ClInclude>
    <ClInclude Include="boost\hana\fwd\comparing.hpp">
      <Filter>ヘッダー ファイル\external\boost</Filter>
    </ClInclude>
    <ClInclude Include="boost\hana\fwd\concat.hpp">
      <Filter>ヘッダー ファイル\external\boost</Filter>
    </ClInclude>
    <ClInclude Include="boost\hana\fwd\contains.hpp">
      <Filter>ヘッダー ファイル\external\boost</Filter>
    </ClInclude>
    <ClInclude Include="boost\hana\fwd\core.hpp">
      <Filter>ヘッダー ファイル\external\boost</Filter>
    </ClInclude>
    <ClInclude Include="boost\hana\fwd\count.hpp">
      <Filter>ヘッダー ファイル\external\boost</Filter>
    </ClInclude>
    <ClInclude Include="boost\hana\fwd\count_if.hpp">
      <Filter>ヘッダー ファイル\external\boost</Filter>
    </ClInclude>
    <ClInclude Include="boost\hana\fwd\cycle.hpp">
      <Filter>ヘッダー ファイル\external\boost</Filter>
    </ClInclude>
    <ClInclude Include="boost\hana\fwd\define_struct.hpp">
      <Filter>ヘッダー ファイル\external\boost</Filter>
    </ClInclude>
    <ClInclude Include="boost\hana\fwd\difference.hpp">
      <Filter>ヘッダー ファイル\external\boost</Filter>
    </ClInclude>
    <ClInclude Include="boost\hana\fwd\div.hpp">
      <Filter>ヘッダー ファイル\external\boost</Filter>
    </ClInclude>
    <ClInclude Include="boost\hana\fwd\drop_back.hpp">
      <Filter>ヘッダー ファイル\external\boost</Filter>
    </ClInclude>
    <ClInclude Include="boost\hana\fwd\drop_front.hpp">
      <Filter>ヘッダー ファイル\external\boost</Filter>
    </ClInclude>
    <ClInclude Include="boost\hana\fwd\drop_front_exactly.hpp">
      <Filter>ヘッダー ファイル\external\boost</Filter>
    </ClInclude>
    <ClInclude Include="boost\hana\fwd\drop_while.hpp">
      <Filter>ヘッダー ファイル\external\boost</Filter>
    </ClInclude>
    <ClInclude Include="boost\hana\fwd\duplicate.hpp">
      <Filter>ヘッダー ファイル\external\boost</Filter>
    </ClInclude>
    <ClInclude Include="boost\hana\fwd\empty.hpp">
      <Filter>ヘッダー ファイル\external\boost</Filter>
    </ClInclude>
    <ClInclude Include="boost\hana\fwd\equal.hpp">
      <Filter>ヘッダー ファイル\external\boost</Filter>
    </ClInclude>
    <ClInclude Include="boost\hana\fwd\erase_key.hpp">
      <Filter>ヘッダー ファイル\external\boost</Filter>
    </ClInclude>
    <ClInclude Include="boost\hana\fwd\eval.hpp">
      <Filter>ヘッダー ファイル\external\boost</Filter>
    </ClInclude>
    <ClInclude Include="boost\hana\fwd\eval_if.hpp">
      <Filter>ヘッダー ファイル\external\boost</Filter>
    </ClInclude>
    <ClInclude Include="boost\hana\fwd\extend.hpp">
      <Filter>ヘッダー ファイル\external\boost</Filter>
    </ClInclude>
    <ClInclude Include="boost\hana\fwd\extract.hpp">
      <Filter>ヘッダー ファイル\external\boost</Filter>
    </ClInclude>
    <ClInclude Include="boost\hana\fwd\fill.hpp">
      <Filter>ヘッダー ファイル\external\boost</Filter>
    </ClInclude>
    <ClInclude Include="boost\hana\fwd\filter.hpp">
      <Filter>ヘッダー ファイル\external\boost</Filter>
    </ClInclude>
    <ClInclude Include="boost\hana\fwd\find.hpp">
      <Filter>ヘッダー ファイル\external\boost</Filter>
    </ClInclude>
    <ClInclude Include="boost\hana\fwd\find_if.hpp">
      <Filter>ヘッダー ファイル\external\boost</Filter>
    </ClInclude>
    <ClInclude Include="boost\hana\fwd\first.hpp">
      <Filter>ヘッダー ファイル\external\boost</Filter>
    </ClInclude>
    <ClInclude Include="boost\hana\fwd\flatten.hpp">
      <Filter>ヘッダー ファイル\external\boost</Filter>
    </ClInclude>
    <ClInclude Include="boost\hana\fwd\fold.hpp">
      <Filter>ヘッダー ファイル\external\boost</Filter>
    </ClInclude>
    <ClInclude Include="boost\hana\fwd\fold_left.hpp">
      <Filter>ヘッダー ファイル\external\boost</Filter>
    </ClInclude>
    <ClInclude Include="boost\hana\fwd\fold_right.hpp">
      <Filter>ヘッダー ファイル\external\boost</Filter>
    </ClInclude>
    <ClInclude Include="boost\hana\fwd\for_each.hpp">
      <Filter>ヘッダー ファイル\external\boost</Filter>
    </ClInclude>
    <ClInclude Include="boost\hana\fwd\front.hpp">
      <Filter>ヘッダー ファイル\external\boost</Filter>
    </ClInclude>
    <ClInclude Include="boost\hana\fwd\fuse.hpp">
      <Filter>ヘッダー ファイル\external\boost</Filter>
    </ClInclude>
    <ClInclude Include="boost\hana\fwd\greater.hpp">
      <Filter>ヘッダー ファイル\external\boost</Filter>
    </ClInclude>
    <ClInclude Include="boost\hana\fwd\greater_equal.hpp">
      <Filter>ヘッダー ファイル\external\boost</Filter>
    </ClInclude>
    <ClInclude Include="boost\hana\fwd\group.hpp">
      <Filter>ヘッダー ファイル\external\boost</Filter>
    </ClInclude>
    <ClInclude Include="boost\hana\fwd\hash.hpp">
      <Filter>ヘッダー ファイル\external\boost</Filter>
    </ClInclude>
    <ClInclude Include="boost\hana\fwd\if.hpp">
      <Filter>ヘッダー ファイル\external\boost</Filter>
    </ClInclude>
    <ClInclude Include="boost\hana\fwd\index_if.hpp">
      <Filter>ヘッダー ファイル\external\boost</Filter>
    </ClInclude>
    <ClInclude Include="boost\hana\fwd\insert.hpp">
      <Filter>ヘッダー ファイル\external\boost</Filter>
    </ClInclude>
    <ClInclude Include="boost\hana\fwd\insert_range.hpp">
      <Filter>ヘッダー ファイル\external\boost</Filter>
    </ClInclude>
    <ClInclude Include="boost\hana\fwd\integral_constant.hpp">
      <Filter>ヘッダー ファイル\external\boost</Filter>
    </ClInclude>
    <ClInclude Include="boost\hana\fwd\intersection.hpp">
      <Filter>ヘッダー ファイル\external\boost</Filter>
    </ClInclude>
    <ClInclude Include="boost\hana\fwd\intersperse.hpp">
      <Filter>ヘッダー ファイル\external\boost</Filter>
    </ClInclude>
    <ClInclude Include="boost\hana\fwd\is_disjoint.hpp">
      <Filter>ヘッダー ファイル\external\boost</Filter>
    </ClInclude>
    <ClInclude Include="boost\hana\fwd\is_empty.hpp">
      <Filter>ヘッダー ファイル\external\boost</Filter>
    </ClInclude>
    <ClInclude Include="boost\hana\fwd\is_subset.hpp">
      <Filter>ヘッダー ファイル\external\boost</Filter>
    </ClInclude>
    <ClInclude Include="boost\hana\fwd\keys.hpp">
      <Filter>ヘッダー ファイル\external\boost</Filter>
    </ClInclude>
    <ClInclude Include="boost\hana\fwd\lazy.hpp">
      <Filter>ヘッダー ファイル\external\boost</Filter>
    </ClInclude>
    <ClInclude Include="boost\hana\fwd\length.hpp">
      <Filter>ヘッダー ファイル\external\boost</Filter>
    </ClInclude>
    <ClInclude Include="boost\hana\fwd\less.hpp">
      <Filter>ヘッダー ファイル\external\boost</Filter>
    </ClInclude>
    <ClInclude Include="boost\hana\fwd\less_equal.hpp">
      <Filter>ヘッダー ファイル\external\boost</Filter>
    </ClInclude>
    <ClInclude Include="boost\hana\fwd\lexicographical_compare.hpp">
      <Filter>ヘッダー ファイル\external\boost</Filter>
    </ClInclude>
    <ClInclude Include="boost\hana\fwd\lift.hpp">
      <Filter>ヘッダー ファイル\external\boost</Filter>
    </ClInclude>
    <ClInclude Include="boost\hana\fwd\map.hpp">
      <Filter>ヘッダー ファイル\external\boost</Filter>
    </ClInclude>
    <ClInclude Include="boost\hana\fwd\max.hpp">
      <Filter>ヘッダー ファイル\external\boost</Filter>
    </ClInclude>
    <ClInclude Include="boost\hana\fwd\maximum.hpp">
      <Filter>ヘッダー ファイル\external\boost</Filter>
    </ClInclude>
    <ClInclude Include="boost\hana\fwd\members.hpp">
      <Filter>ヘッダー ファイル\external\boost</Filter>
    </ClInclude>
    <ClInclude Include="boost\hana\fwd\min.hpp">
      <Filter>ヘッダー ファイル\external\boost</Filter>
    </ClInclude>
    <ClInclude Include="boost\hana\fwd\minimum.hpp">
      <Filter>ヘッダー ファイル\external\boost</Filter>
    </ClInclude>
    <ClInclude Include="boost\hana\fwd\minus.hpp">
      <Filter>ヘッダー ファイル\external\boost</Filter>
    </ClInclude>
    <ClInclude Include="boost\hana\fwd\mod.hpp">
      <Filter>ヘッダー ファイル\external\boost</Filter>
    </ClInclude>
    <ClInclude Include="boost\hana\fwd\monadic_compose.hpp">
      <Filter>ヘッダー ファイル\external\boost</Filter>
    </ClInclude>
    <ClInclude Include="boost\hana\fwd\monadic_fold_left.hpp">
      <Filter>ヘッダー ファイル\external\boost</Filter>
    </ClInclude>
    <ClInclude Include="boost\hana\fwd\monadic_fold_right.hpp">
      <Filter>ヘッダー ファイル\external\boost</Filter>
    </ClInclude>
    <ClInclude Include="boost\hana\fwd\mult.hpp">
      <Filter>ヘッダー ファイル\external\boost</Filter>
    </ClInclude>
    <ClInclude Include="boost\hana\fwd\negate.hpp">
      <Filter>ヘッダー ファイル\external\boost</Filter>
    </ClInclude>
    <ClInclude Include="boost\hana\fwd\none.hpp">
      <Filter>ヘッダー ファイル\external\boost</Filter>
    </ClInclude>
    <ClInclude Include="boost\hana\fwd\none_of.hpp">
      <Filter>ヘッダー ファイル\external\boost</Filter>
    </ClInclude>
    <ClInclude Include="boost\hana\fwd\not.hpp">
      <Filter>ヘッダー ファイル\external\boost</Filter>
    </ClInclude>
    <ClInclude Include="boost\hana\fwd\not_equal.hpp">
      <Filter>ヘッダー ファイル\external\boost</Filter>
    </ClInclude>
    <ClInclude Include="boost\hana\fwd\one.hpp">
      <Filter>ヘッダー ファイル\external\boost</Filter>
    </ClInclude>
    <ClInclude Include="boost\hana\fwd\optional.hpp">
      <Filter>ヘッダー ファイル\external\boost</Filter>
    </ClInclude>
    <ClInclude Include="boost\hana\fwd\or.hpp">
      <Filter>ヘッダー ファイル\external\boost</Filter>
    </ClInclude>
    <ClInclude Include="boost\hana\fwd\ordering.hpp">
      <Filter>ヘッダー ファイル\external\boost</Filter>
    </ClInclude>
    <ClInclude Include="boost\hana\fwd\pair.hpp">
      <Filter>ヘッダー ファイル\external\boost</Filter>
    </ClInclude>
    <ClInclude Include="boost\hana\fwd\partition.hpp">
      <Filter>ヘッダー ファイル\external\boost</Filter>
    </ClInclude>
    <ClInclude Include="boost\hana\fwd\permutations.hpp">
      <Filter>ヘッダー ファイル\external\boost</Filter>
    </ClInclude>
    <ClInclude Include="boost\hana\fwd\plus.hpp">
      <Filter>ヘッダー ファイル\external\boost</Filter>
    </ClInclude>
    <ClInclude Include="boost\hana\fwd\power.hpp">
      <Filter>ヘッダー ファイル\external\boost</Filter>
    </ClInclude>
    <ClInclude Include="boost\hana\fwd\prefix.hpp">
      <Filter>ヘッダー ファイル\external\boost</Filter>
    </ClInclude>
    <ClInclude Include="boost\hana\fwd\prepend.hpp">
      <Filter>ヘッダー ファイル\external\boost</Filter>
    </ClInclude>
    <ClInclude Include="boost\hana\fwd\product.hpp">
      <Filter>ヘッダー ファイル\external\boost</Filter>
    </ClInclude>
    <ClInclude Include="boost\hana\fwd\range.hpp">
      <Filter>ヘッダー ファイル\external\boost</Filter>
    </ClInclude>
    <ClInclude Include="boost\hana\fwd\remove.hpp">
      <Filter>ヘッダー ファイル\external\boost</Filter>
    </ClInclude>
    <ClInclude Include="boost\hana\fwd\remove_at.hpp">
      <Filter>ヘッダー ファイル\external\boost</Filter>
    </ClInclude>
    <ClInclude Include="boost\hana\fwd\remove_if.hpp">
      <Filter>ヘッダー ファイル\external\boost</Filter>
    </ClInclude>
    <ClInclude Include="boost\hana\fwd\remove_range.hpp">
      <Filter>ヘッダー ファイル\external\boost</Filter>
    </ClInclude>
    <ClInclude Include="boost\hana\fwd\repeat.hpp">
      <Filter>ヘッダー ファイル\external\boost</Filter>
    </ClInclude>
    <ClInclude Include="boost\hana\fwd\replace.hpp">
      <Filter>ヘッダー ファイル\external\boost</Filter>
    </ClInclude>
    <ClInclude Include="boost\hana\fwd\replace_if.hpp">
      <Filter>ヘッダー ファイル\external\boost</Filter>
    </ClInclude>
    <ClInclude Include="boost\hana\fwd\replicate.hpp">
      <Filter>ヘッダー ファイル\external\boost</Filter>
    </ClInclude>
    <ClInclude Include="boost\hana\fwd\reverse.hpp">
      <Filter>ヘッダー ファイル\external\boost</Filter>
    </ClInclude>
    <ClInclude Include="boost\hana\fwd\reverse_fold.hpp">
      <Filter>ヘッダー ファイル\external\boost</Filter>
    </ClInclude>
    <ClInclude Include="boost\hana\fwd\scan_left.hpp">
      <Filter>ヘッダー ファイル\external\boost</Filter>
    </ClInclude>
    <ClInclude Include="boost\hana\fwd\scan_right.hpp">
      <Filter>ヘッダー ファイル\external\boost</Filter>
    </ClInclude>
    <ClInclude Include="boost\hana\fwd\second.hpp">
      <Filter>ヘッダー ファイル\external\boost</Filter>
    </ClInclude>
    <ClInclude Include="boost\hana\fwd\set.hpp">
      <Filter>ヘッダー ファイル\external\boost</Filter>
    </ClInclude>
    <ClInclude Include="boost\hana\fwd\size.hpp">
      <Filter>ヘッダー ファイル\external\boost</Filter>
    </ClInclude>
    <ClInclude Include="boost\hana\fwd\slice.hpp">
      <Filter>ヘッダー ファイル\external\boost</Filter>
    </ClInclude>
    <ClInclude Include="boost\hana\fwd\sort.hpp">
      <Filter>ヘッダー ファイル\external\boost</Filter>
    </ClInclude>
    <ClInclude Include="boost\hana\fwd\span.hpp">
      <Filter>ヘッダー ファイル\external\boost</Filter>
    </ClInclude>
    <ClInclude Include="boost\hana\fwd\string.hpp">
      <Filter>ヘッダー ファイル\external\boost</Filter>
    </ClInclude>
    <ClInclude Include="boost\hana\fwd\suffix.hpp">
      <Filter>ヘッダー ファイル\external\boost</Filter>
    </ClInclude>
    <ClInclude Include="boost\hana\fwd\sum.hpp">
      <Filter>ヘッダー ファイル\external\boost</Filter>
    </ClInclude>
    <ClInclude Include="boost\hana\fwd\symmetric_difference.hpp">
      <Filter>ヘッダー ファイル\external\boost</Filter>
    </ClInclude>
    <ClInclude Include="boost\hana\fwd\take_back.hpp">
      <Filter>ヘッダー ファイル\external\boost</Filter>
    </ClInclude>
    <ClInclude Include="boost\hana\fwd\take_front.hpp">
      <Filter>ヘッダー ファイル\external\boost</Filter>
    </ClInclude>
    <ClInclude Include="boost\hana\fwd\take_while.hpp">
      <Filter>ヘッダー ファイル\external\boost</Filter>
    </ClInclude>
    <ClInclude Include="boost\hana\fwd\tap.hpp">
      <Filter>ヘッダー ファイル\external\boost</Filter>
    </ClInclude>
    <ClInclude Include="boost\hana\fwd\then.hpp">
      <Filter>ヘッダー ファイル\external\boost</Filter>
    </ClInclude>
    <ClInclude Include="boost\hana\fwd\transform.hpp">
      <Filter>ヘッダー ファイル\external\boost</Filter>
    </ClInclude>
    <ClInclude Include="boost\hana\fwd\tuple.hpp">
      <Filter>ヘッダー ファイル\external\boost</Filter>
    </ClInclude>
    <ClInclude Include="boost\hana\fwd\type.hpp">
      <Filter>ヘッダー ファイル\external\boost</Filter>
    </ClInclude>
    <ClInclude Include="boost\hana\fwd\unfold_left.hpp">
      <Filter>ヘッダー ファイル\external\boost</Filter>
    </ClInclude>
    <ClInclude Include="boost\hana\fwd\unfold_right.hpp">
      <Filter>ヘッダー ファイル\external\boost</Filter>
    </ClInclude>
    <ClInclude Include="boost\hana\fwd\union.hpp">
      <Filter>ヘッダー ファイル\external\boost</Filter>
    </ClInclude>
    <ClInclude Include="boost\hana\fwd\unique.hpp">
      <Filter>ヘッダー ファイル\external\boost</Filter>
    </ClInclude>
    <ClInclude Include="boost\hana\fwd\unpack.hpp">
      <Filter>ヘッダー ファイル\external\boost</Filter>
    </ClInclude>
    <ClInclude Include="boost\hana\fwd\value.hpp">
      <Filter>ヘッダー ファイル\external\boost</Filter>
    </ClInclude>
    <ClInclude Include="boost\hana\fwd\while.hpp">
      <Filter>ヘッダー ファイル\external\boost</Filter>
    </ClInclude>
    <ClInclude Include="boost\hana\fwd\zero.hpp">
      <Filter>ヘッダー ファイル\external\boost</Filter>
    </ClInclude>
    <ClInclude Include="boost\hana\fwd\zip.hpp">
      <Filter>ヘッダー ファイル\external\boost</Filter>
    </ClInclude>
    <ClInclude Include="boost\hana\fwd\zip_shortest.hpp">
      <Filter>ヘッダー ファイル\external\boost</Filter>
    </ClInclude>
    <ClInclude Include="boost\hana\fwd\zip_shortest_with.hpp">
      <Filter>ヘッダー ファイル\external\boost</Filter>
    </ClInclude>
    <ClInclude Include="boost\hana\fwd\zip_with.hpp">
      <Filter>ヘッダー ファイル\external\boost</Filter>
    </ClInclude>
    <ClInclude Include="boost\hana\fwd\core\common.hpp">
      <Filter>ヘッダー ファイル\external\boost</Filter>
    </ClInclude>
    <ClInclude Include="boost\hana\fwd\core\default.hpp">
      <Filter>ヘッダー ファイル\external\boost</Filter>
    </ClInclude>
    <ClInclude Include="boost\hana\fwd\core\is_a.hpp">
      <Filter>ヘッダー ファイル\external\boost</Filter>
    </ClInclude>
    <ClInclude Include="boost\hana\fwd\core\make.hpp">
      <Filter>ヘッダー ファイル\external\boost</Filter>
    </ClInclude>
    <ClInclude Include="boost\hana\fwd\core\tag_of.hpp">
      <Filter>ヘッダー ファイル\external\boost</Filter>
    </ClInclude>
    <ClInclude Include="boost\hana\fwd\core\to.hpp">
      <Filter>ヘッダー ファイル\external\boost</Filter>
    </ClInclude>
    <ClInclude Include="boost\hana\fwd\core\when.hpp">
      <Filter>ヘッダー ファイル\external\boost</Filter>
    </ClInclude>
    <ClInclude Include="boost\hana\fwd\concept\applicative.hpp">
      <Filter>ヘッダー ファイル\external\boost</Filter>
    </ClInclude>
    <ClInclude Include="boost\hana\fwd\concept\comonad.hpp">
      <Filter>ヘッダー ファイル\external\boost</Filter>
    </ClInclude>
    <ClInclude Include="boost\hana\fwd\concept\comparable.hpp">
      <Filter>ヘッダー ファイル\external\boost</Filter>
    </ClInclude>
    <ClInclude Include="boost\hana\fwd\concept\constant.hpp">
      <Filter>ヘッダー ファイル\external\boost</Filter>
    </ClInclude>
    <ClInclude Include="boost\hana\fwd\concept\euclidean_ring.hpp">
      <Filter>ヘッダー ファイル\external\boost</Filter>
    </ClInclude>
    <ClInclude Include="boost\hana\fwd\concept\foldable.hpp">
      <Filter>ヘッダー ファイル\external\boost</Filter>
    </ClInclude>
    <ClInclude Include="boost\hana\fwd\concept\functor.hpp">
      <Filter>ヘッダー ファイル\external\boost</Filter>
    </ClInclude>
    <ClInclude Include="boost\hana\fwd\concept\group.hpp">
      <Filter>ヘッダー ファイル\external\boost</Filter>
    </ClInclude>
    <ClInclude Include="boost\hana\fwd\concept\hashable.hpp">
      <Filter>ヘッダー ファイル\external\boost</Filter>
    </ClInclude>
    <ClInclude Include="boost\hana\fwd\concept\integral_constant.hpp">
      <Filter>ヘッダー ファイル\external\boost</Filter>
    </ClInclude>
    <ClInclude Include="boost\hana\fwd\concept\iterable.hpp">
      <Filter>ヘッダー ファイル\external\boost</Filter>
    </ClInclude>
    <ClInclude Include="boost\hana\fwd\concept\logical.hpp">
      <Filter>ヘッダー ファイル\external\boost</Filter>
    </ClInclude>
    <ClInclude Include="boost\hana\fwd\concept\metafunction.hpp">
      <Filter>ヘッダー ファイル\external\boost</Filter>
    </ClInclude>
    <ClInclude Include="boost\hana\fwd\concept\monad.hpp">
      <Filter>ヘッダー ファイル\external\boost</Filter>
    </ClInclude>
    <ClInclude Include="boost\hana\fwd\concept\monad_plus.hpp">
      <Filter>ヘッダー ファイル\external\boost</Filter>
    </ClInclude>
    <ClInclude Include="boost\hana\fwd\concept\monoid.hpp">
      <Filter>ヘッダー ファイル\external\boost</Filter>
    </ClInclude>
    <ClInclude Include="boost\hana\fwd\concept\orderable.hpp">
      <Filter>ヘッダー ファイル\external\boost</Filter>
    </ClInclude>
    <ClInclude Include="boost\hana\fwd\concept\product.hpp">
      <Filter>ヘッダー ファイル\external\boost</Filter>
    </ClInclude>
    <ClInclude Include="boost\hana\fwd\concept\ring.hpp">
      <Filter>ヘッダー ファイル\external\boost</Filter>
    </ClInclude>
    <ClInclude Include="boost\hana\fwd\concept\searchable.hpp">
      <Filter>ヘッダー ファイル\external\boost</Filter>
    </ClInclude>
    <ClInclude Include="boost\hana\fwd\concept\sequence.hpp">
      <Filter>ヘッダー ファイル\external\boost</Filter>
    </ClInclude>
    <ClInclude Include="boost\hana\fwd\concept\struct.hpp">
      <Filter>ヘッダー ファイル\external\boost</Filter>
    </ClInclude>
    <ClInclude Include="HanaTest.h">
      <Filter>ヘッダー ファイル\Test</Filter>
    </ClInclude>
    <ClInclude Include="IdGenerator.h">
      <Filter>ヘッダー ファイル</Filter>
    </ClInclude>
    <ClInclude Include="UtilTest.h">
      <Filter>ヘッダー ファイル\Test</Filter>
    </ClInclude>
    <ClInclude Include="EnumUtilTest.h">
      <Filter>ヘッダー ファイル\Test</Filter>
    </ClInclude>
    <ClInclude Include="ChunkTest.h">
      <Filter>ヘッダー ファイル\Test</Filter>
    </ClInclude>
    <ClInclude Include="EnumUtil.h">
      <Filter>ヘッダー ファイル\Util</Filter>
    </ClInclude>
    <ClInclude Include="TypeUtil.h">
      <Filter>ヘッダー ファイル\Util</Filter>
    </ClInclude>
    <ClInclude Include="external\boost\hana.hpp">
      <Filter>ヘッダー ファイル\external\boost</Filter>
    </ClInclude>
    <ClInclude Include="Util.h">
      <Filter>ヘッダー ファイル\Util</Filter>
    </ClInclude>
    <ClInclude Include="SparseSetTest.h">
      <Filter>ヘッダー ファイル\Test</Filter>
    </ClInclude>
    <ClInclude Include="ArrayView.h">
      <Filter>ヘッダー ファイル\Container</Filter>
    </ClInclude>
    <ClInclude Include="OffsetArrayView.h">
      <Filter>ヘッダー ファイル\Container</Filter>
    </ClInclude>
    <ClInclude Include="SparseSet.h">
      <Filter>ヘッダー ファイル\Container</Filter>
    </ClInclude>
    <ClInclude Include="ContainerTypes.h">
      <Filter>ヘッダー ファイル</Filter>
    </ClInclude>
    <ClInclude Include="Constant.h">
      <Filter>ヘッダー ファイル</Filter>
    </ClInclude>
    <ClInclude Include="WorldTest.h">
      <Filter>ヘッダー ファイル\Test</Filter>
    </ClInclude>
    <ClInclude Include="Concept.h">
      <Filter>ヘッダー ファイル</Filter>
    </ClInclude>
    <ClInclude Include="boost_hana.h">
      <Filter>ヘッダー ファイル\external</Filter>
    </ClInclude>
    <ClInclude Include="EntityRecord.h">
      <Filter>ヘッダー ファイル</Filter>
    </ClInclude>
    <ClInclude Include="Entity.h">
      <Filter>ヘッダー ファイル</Filter>
    </ClInclude>
  </ItemGroup>
  <ItemGroup>
    <None Include="boost\hana\detail\struct_macros.hpp.erb">
      <Filter>ヘッダー ファイル\external\boost</Filter>
    </None>
  </ItemGroup>
  <ItemGroup>
    <Natvis Include="ArrayView.natvis">
      <Filter>リソース ファイル</Filter>
    </Natvis>
  </ItemGroup>
</Project>